
Microsoft Visual Studio Solution File, Format Version 12.00
Project("{FAE04EC0-301F-11D3-BF4B-00C04F79EFBC}") = "Area", "Area.csproj", "{708327C1-ED4D-4690-B579-114C2FA55B61}"
EndProject
Global
	GlobalSection(SolutionConfigurationPlatforms) = preSolution
		Debug|Any CPU = Debug|Any CPU
		Release|Any CPU = Release|Any CPU
	EndGlobalSection
	GlobalSection(ProjectConfigurationPlatforms) = postSolution
		{708327C1-ED4D-4690-B579-114C2FA55B61}.Debug|Any CPU.ActiveCfg = Debug|Any CPU
		{708327C1-ED4D-4690-B579-114C2FA55B61}.Debug|Any CPU.Build.0 = Debug|Any CPU
		{708327C1-ED4D-4690-B579-114C2FA55B61}.Release|Any CPU.ActiveCfg = Release|Any CPU
		{708327C1-ED4D-4690-B579-114C2FA55B61}.Release|Any CPU.Build.0 = Release|Any CPU
	EndGlobalSection
EndGlobal
